
Microsoft Visual Studio Solution File, Format Version 12.00
# Visual Studio Version 16
VisualStudioVersion = 16.0.30611.23
MinimumVisualStudioVersion = 10.0.40219.1
Project("{FAE04EC0-301F-11D3-BF4B-00C04F79EFBC}") = "WebSERVER", "WebSERVER\WebSERVER.csproj", "{BCAD1D14-792E-4A41-B474-AA701496D6B0}"
EndProject
Global
	GlobalSection(SolutionConfigurationPlatforms) = preSolution
		Debug|Any CPU = Debug|Any CPU
		Release|Any CPU = Release|Any CPU
	EndGlobalSection
	GlobalSection(ProjectConfigurationPlatforms) = postSolution
		{BCAD1D14-792E-4A41-B474-AA701496D6B0}.Debug|Any CPU.ActiveCfg = Debug|Any CPU
		{BCAD1D14-792E-4A41-B474-AA701496D6B0}.Debug|Any CPU.Build.0 = Debug|Any CPU
		{BCAD1D14-792E-4A41-B474-AA701496D6B0}.Release|Any CPU.ActiveCfg = Release|Any CPU
		{BCAD1D14-792E-4A41-B474-AA701496D6B0}.Release|Any CPU.Build.0 = Release|Any CPU
	EndGlobalSection
	GlobalSection(SolutionProperties) = preSolution
		HideSolutionNode = FALSE
	EndGlobalSection
	GlobalSection(ExtensibilityGlobals) = postSolution
		SolutionGuid = {7ECDAB6A-E116-4B96-BFAC-39A2671CD20D}
	EndGlobalSection
EndGlobal
