
Microsoft Visual Studio Solution File, Format Version 12.00
# Visual Studio Version 16
VisualStudioVersion = 16.0.31205.134
MinimumVisualStudioVersion = 10.0.40219.1
Project("{FAE04EC0-301F-11D3-BF4B-00C04F79EFBC}") = "Project-Back", "Project-Back\Project-Back.csproj", "{875B8099-E6BD-480B-A5D4-E34163681D68}"
EndProject
Global
	GlobalSection(SolutionConfigurationPlatforms) = preSolution
		Debug|Any CPU = Debug|Any CPU
		Release|Any CPU = Release|Any CPU
	EndGlobalSection
	GlobalSection(ProjectConfigurationPlatforms) = postSolution
		{875B8099-E6BD-480B-A5D4-E34163681D68}.Debug|Any CPU.ActiveCfg = Debug|Any CPU
		{875B8099-E6BD-480B-A5D4-E34163681D68}.Debug|Any CPU.Build.0 = Debug|Any CPU
		{875B8099-E6BD-480B-A5D4-E34163681D68}.Release|Any CPU.ActiveCfg = Release|Any CPU
		{875B8099-E6BD-480B-A5D4-E34163681D68}.Release|Any CPU.Build.0 = Release|Any CPU
	EndGlobalSection
	GlobalSection(SolutionProperties) = preSolution
		HideSolutionNode = FALSE
	EndGlobalSection
	GlobalSection(ExtensibilityGlobals) = postSolution
		SolutionGuid = {A37EB8EB-65A2-4F17-BEC6-E21F4C6FC9D3}
	EndGlobalSection
EndGlobal
